
Microsoft Visual Studio Solution File, Format Version 12.00
Project("{FAE04EC0-301F-11D3-BF4B-00C04F79EFBC}") = "graph-poc", "graph-poc\graph-poc.csproj", "{48E6C617-90FF-4509-9D1C-79E1E6000708}"
EndProject
Global
	GlobalSection(SolutionConfigurationPlatforms) = preSolution
		Debug|Any CPU = Debug|Any CPU
		Release|Any CPU = Release|Any CPU
	EndGlobalSection
	GlobalSection(ProjectConfigurationPlatforms) = postSolution
		{48E6C617-90FF-4509-9D1C-79E1E6000708}.Debug|Any CPU.ActiveCfg = Debug|Any CPU
		{48E6C617-90FF-4509-9D1C-79E1E6000708}.Debug|Any CPU.Build.0 = Debug|Any CPU
		{48E6C617-90FF-4509-9D1C-79E1E6000708}.Release|Any CPU.ActiveCfg = Release|Any CPU
		{48E6C617-90FF-4509-9D1C-79E1E6000708}.Release|Any CPU.Build.0 = Release|Any CPU
	EndGlobalSection
EndGlobal
